// !$*UTF8*$!
{
	archiveVersion = 1;
	classes = {
	};
	objectVersion = 50;
	objects = {

/* Begin PBXBuildFile section */
		4E165FF922099808002DEBB4 /* Alamofire.framework in Frameworks */ = {isa = PBXBuildFile; fileRef = 4E165FF822099808002DEBB4 /* Alamofire.framework */; };
		4E165FFD22099A43002DEBB4 /* WeatherService.swift in Sources */ = {isa = PBXBuildFile; fileRef = 4E165FFC22099A43002DEBB4 /* WeatherService.swift */; };
		4E1660042209B707002DEBB4 /* CurrentWeather.swift in Sources */ = {isa = PBXBuildFile; fileRef = 4E1660032209B707002DEBB4 /* CurrentWeather.swift */; };
		4E1660062209BAD7002DEBB4 /* SwiftyJSON.framework in Frameworks */ = {isa = PBXBuildFile; fileRef = 4E1660052209BAD7002DEBB4 /* SwiftyJSON.framework */; };
		4E1660082209E51E002DEBB4 /* Forecast.swift in Sources */ = {isa = PBXBuildFile; fileRef = 4E1660072209E51E002DEBB4 /* Forecast.swift */; };
		4E16600B2209E827002DEBB4 /* NSDate.swift in Sources */ = {isa = PBXBuildFile; fileRef = 4E16600A2209E827002DEBB4 /* NSDate.swift */; };
		4EA69A3B22097F00004F1AF3 /* WeatherVC.swift in Sources */ = {isa = PBXBuildFile; fileRef = 4EA69A3A22097F00004F1AF3 /* WeatherVC.swift */; };
		4EA69A3D22097FCE004F1AF3 /* Constants.swift in Sources */ = {isa = PBXBuildFile; fileRef = 4EA69A3C22097FCE004F1AF3 /* Constants.swift */; };
		4EA69A3F22097FE5004F1AF3 /* Main.storyboard in Resources */ = {isa = PBXBuildFile; fileRef = 4EA69A3E22097FE5004F1AF3 /* Main.storyboard */; };
		4EA69A4522098066004F1AF3 /* WeatherCell.swift in Sources */ = {isa = PBXBuildFile; fileRef = 4EA69A4422098065004F1AF3 /* WeatherCell.swift */; };
		4EA69A4822098073004F1AF3 /* WeatherCell.xib in Resources */ = {isa = PBXBuildFile; fileRef = 4EA69A4722098073004F1AF3 /* WeatherCell.xib */; };
		4EB5B8EB220882680029104F /* AppDelegate.swift in Sources */ = {isa = PBXBuildFile; fileRef = 4EB5B8EA220882680029104F /* AppDelegate.swift */; };
		4EB5B8EF220882690029104F /* Assets.xcassets in Resources */ = {isa = PBXBuildFile; fileRef = 4EB5B8EE220882690029104F /* Assets.xcassets */; };
/* End PBXBuildFile section */

/* Begin PBXFileReference section */
		4E165FF822099808002DEBB4 /* Alamofire.framework */ = {isa = PBXFileReference; lastKnownFileType = wrapper.framework; name = Alamofire.framework; path = Carthage/Build/Mac/Alamofire.framework; sourceTree = "<group>"; };
		4E165FFC22099A43002DEBB4 /* WeatherService.swift */ = {isa = PBXFileReference; lastKnownFileType = sourcecode.swift; path = WeatherService.swift; sourceTree = "<group>"; };
		4E1660032209B707002DEBB4 /* CurrentWeather.swift */ = {isa = PBXFileReference; lastKnownFileType = sourcecode.swift; path = CurrentWeather.swift; sourceTree = "<group>"; };
		4E1660052209BAD7002DEBB4 /* SwiftyJSON.framework */ = {isa = PBXFileReference; lastKnownFileType = wrapper.framework; path = SwiftyJSON.framework; sourceTree = SOURCE_ROOT; };
		4E1660072209E51E002DEBB4 /* Forecast.swift */ = {isa = PBXFileReference; lastKnownFileType = sourcecode.swift; path = Forecast.swift; sourceTree = "<group>"; };
		4E16600A2209E827002DEBB4 /* NSDate.swift */ = {isa = PBXFileReference; lastKnownFileType = sourcecode.swift; path = NSDate.swift; sourceTree = "<group>"; };
		4EA69A3A22097F00004F1AF3 /* WeatherVC.swift */ = {isa = PBXFileReference; fileEncoding = 4; lastKnownFileType = sourcecode.swift; path = WeatherVC.swift; sourceTree = "<group>"; };
		4EA69A3C22097FCE004F1AF3 /* Constants.swift */ = {isa = PBXFileReference; fileEncoding = 4; lastKnownFileType = sourcecode.swift; path = Constants.swift; sourceTree = "<group>"; };
		4EA69A3E22097FE5004F1AF3 /* Main.storyboard */ = {isa = PBXFileReference; fileEncoding = 4; lastKnownFileType = file.storyboard; path = Main.storyboard; sourceTree = "<group>"; };
		4EA69A4422098065004F1AF3 /* WeatherCell.swift */ = {isa = PBXFileReference; fileEncoding = 4; lastKnownFileType = sourcecode.swift; path = WeatherCell.swift; sourceTree = "<group>"; };
		4EA69A4722098073004F1AF3 /* WeatherCell.xib */ = {isa = PBXFileReference; fileEncoding = 4; lastKnownFileType = file.xib; path = WeatherCell.xib; sourceTree = "<group>"; };
		4EB5B8E7220882680029104F /* Weather Status.app */ = {isa = PBXFileReference; explicitFileType = wrapper.application; includeInIndex = 0; path = "Weather Status.app"; sourceTree = BUILT_PRODUCTS_DIR; };
		4EB5B8EA220882680029104F /* AppDelegate.swift */ = {isa = PBXFileReference; lastKnownFileType = sourcecode.swift; path = AppDelegate.swift; sourceTree = "<group>"; };
		4EB5B8EE220882690029104F /* Assets.xcassets */ = {isa = PBXFileReference; lastKnownFileType = folder.assetcatalog; path = Assets.xcassets; sourceTree = "<group>"; };
		4EB5B8F3220882690029104F /* Info.plist */ = {isa = PBXFileReference; lastKnownFileType = text.plist.xml; path = Info.plist; sourceTree = "<group>"; };
		4EB5B8F4220882690029104F /* Weather_Status.entitlements */ = {isa = PBXFileReference; lastKnownFileType = text.plist.entitlements; path = Weather_Status.entitlements; sourceTree = "<group>"; };
/* End PBXFileReference section */

/* Begin PBXFrameworksBuildPhase section */
		4EB5B8E4220882680029104F /* Frameworks */ = {
			isa = PBXFrameworksBuildPhase;
			buildActionMask = 2147483647;
			files = (
				4E1660062209BAD7002DEBB4 /* SwiftyJSON.framework in Frameworks */,
				4E165FF922099808002DEBB4 /* Alamofire.framework in Frameworks */,
			);
			runOnlyForDeploymentPostprocessing = 0;
		};
/* End PBXFrameworksBuildPhase section */

/* Begin PBXGroup section */
		4E165FFB22099A2B002DEBB4 /* Services */ = {
			isa = PBXGroup;
			children = (
				4E165FFC22099A43002DEBB4 /* WeatherService.swift */,
			);
			path = Services;
			sourceTree = "<group>";
		};
		4E165FFF2209B6AA002DEBB4 /* Utilities */ = {
			isa = PBXGroup;
			children = (
				4EA69A3C22097FCE004F1AF3 /* Constants.swift */,
			);
			path = Utilities;
			sourceTree = "<group>";
		};
		4E1660002209B6C3002DEBB4 /* Controller */ = {
			isa = PBXGroup;
			children = (
				4EA69A3A22097F00004F1AF3 /* WeatherVC.swift */,
			);
			path = Controller;
			sourceTree = "<group>";
		};
		4E1660022209B6EE002DEBB4 /* Model */ = {
			isa = PBXGroup;
			children = (
				4E1660032209B707002DEBB4 /* CurrentWeather.swift */,
				4E1660072209E51E002DEBB4 /* Forecast.swift */,
			);
			path = Model;
			sourceTree = "<group>";
		};
		4E1660092209E813002DEBB4 /* Extension */ = {
			isa = PBXGroup;
			children = (
				4E16600A2209E827002DEBB4 /* NSDate.swift */,
			);
			path = Extension;
			sourceTree = "<group>";
		};
		4EA69A4322098065004F1AF3 /* View */ = {
			isa = PBXGroup;
			children = (
				4EA69A4422098065004F1AF3 /* WeatherCell.swift */,
			);
			path = View;
			sourceTree = "<group>";
		};
		4EA69A4622098073004F1AF3 /* Xibs */ = {
			isa = PBXGroup;
			children = (
				4EA69A4722098073004F1AF3 /* WeatherCell.xib */,
			);
			path = Xibs;
			sourceTree = "<group>";
		};
		4EB5B8DE220882680029104F = {
			isa = PBXGroup;
			children = (
				4E1660052209BAD7002DEBB4 /* SwiftyJSON.framework */,
				4E165FF822099808002DEBB4 /* Alamofire.framework */,
				4EB5B8E9220882680029104F /* Weather Status */,
				4EB5B8E8220882680029104F /* Products */,
			);
			sourceTree = "<group>";
		};
		4EB5B8E8220882680029104F /* Products */ = {
			isa = PBXGroup;
			children = (
				4EB5B8E7220882680029104F /* Weather Status.app */,
			);
			name = Products;
			sourceTree = "<group>";
		};
		4EB5B8E9220882680029104F /* Weather Status */ = {
			isa = PBXGroup;
			children = (
				4E1660092209E813002DEBB4 /* Extension */,
				4E1660022209B6EE002DEBB4 /* Model */,
				4E1660002209B6C3002DEBB4 /* Controller */,
				4E165FFF2209B6AA002DEBB4 /* Utilities */,
				4E165FFB22099A2B002DEBB4 /* Services */,
				4EB5B8EA220882680029104F /* AppDelegate.swift */,
				4EB5B8EE220882690029104F /* Assets.xcassets */,
				4EA69A4622098073004F1AF3 /* Xibs */,
				4EA69A4322098065004F1AF3 /* View */,
				4EA69A3E22097FE5004F1AF3 /* Main.storyboard */,
				4EB5B8F3220882690029104F /* Info.plist */,
				4EB5B8F4220882690029104F /* Weather_Status.entitlements */,
			);
			path = "Weather Status";
			sourceTree = "<group>";
		};
/* End PBXGroup section */

/* Begin PBXNativeTarget section */
		4EB5B8E6220882680029104F /* Weather Status */ = {
			isa = PBXNativeTarget;
			buildConfigurationList = 4EB5B8F7220882690029104F /* Build configuration list for PBXNativeTarget "Weather Status" */;
			buildPhases = (
				4EB5B8E3220882680029104F /* Sources */,
				4EB5B8E4220882680029104F /* Frameworks */,
				4EB5B8E5220882680029104F /* Resources */,
				4E165FFA2209986A002DEBB4 /* ShellScript */,
			);
			buildRules = (
			);
			dependencies = (
			);
			name = "Weather Status";
			productName = "Weather Status";
			productReference = 4EB5B8E7220882680029104F /* Weather Status.app */;
			productType = "com.apple.product-type.application";
		};
/* End PBXNativeTarget section */

/* Begin PBXProject section */
		4EB5B8DF220882680029104F /* Project object */ = {
			isa = PBXProject;
			attributes = {
				LastSwiftUpdateCheck = 1000;
				LastUpgradeCheck = 1000;
				ORGANIZATIONNAME = "Nikhil Bolar";
				TargetAttributes = {
					4EB5B8E6220882680029104F = {
						CreatedOnToolsVersion = 10.0;
						SystemCapabilities = {
							com.apple.Sandbox = {
								enabled = 0;
							};
						};
					};
				};
			};
			buildConfigurationList = 4EB5B8E2220882680029104F /* Build configuration list for PBXProject "Weather Status" */;
			compatibilityVersion = "Xcode 9.3";
			developmentRegion = en;
			hasScannedForEncodings = 0;
			knownRegions = (
				en,
				Base,
			);
			mainGroup = 4EB5B8DE220882680029104F;
			productRefGroup = 4EB5B8E8220882680029104F /* Products */;
			projectDirPath = "";
			projectRoot = "";
			targets = (
				4EB5B8E6220882680029104F /* Weather Status */,
			);
		};
/* End PBXProject section */

/* Begin PBXResourcesBuildPhase section */
		4EB5B8E5220882680029104F /* Resources */ = {
			isa = PBXResourcesBuildPhase;
			buildActionMask = 2147483647;
			files = (
				4EB5B8EF220882690029104F /* Assets.xcassets in Resources */,
				4EA69A3F22097FE5004F1AF3 /* Main.storyboard in Resources */,
				4EA69A4822098073004F1AF3 /* WeatherCell.xib in Resources */,
			);
			runOnlyForDeploymentPostprocessing = 0;
		};
/* End PBXResourcesBuildPhase section */

/* Begin PBXShellScriptBuildPhase section */
		4E165FFA2209986A002DEBB4 /* ShellScript */ = {
			isa = PBXShellScriptBuildPhase;
			buildActionMask = 2147483647;
			files = (
			);
			inputFileListPaths = (
			);
			inputPaths = (
				"$(SRCROOT)/Carthage/Build/Mac/Alamofire.framework",
				"$(SRCROOT)/Carthage/Build/Mac/SwiftyJSON.framework",
			);
			outputFileListPaths = (
			);
			outputPaths = (
			);
			runOnlyForDeploymentPostprocessing = 0;
			shellPath = /bin/sh;
			shellScript = "# Type a script or drag a script file from your workspace to insert its path.\n/usr/local/bin/carthage copy-frameworks\n";
		};
/* End PBXShellScriptBuildPhase section */

/* Begin PBXSourcesBuildPhase section */
		4EB5B8E3220882680029104F /* Sources */ = {
			isa = PBXSourcesBuildPhase;
			buildActionMask = 2147483647;
			files = (
				4E165FFD22099A43002DEBB4 /* WeatherService.swift in Sources */,
				4EA69A4522098066004F1AF3 /* WeatherCell.swift in Sources */,
				4E1660082209E51E002DEBB4 /* Forecast.swift in Sources */,
				4EA69A3B22097F00004F1AF3 /* WeatherVC.swift in Sources */,
				4EB5B8EB220882680029104F /* AppDelegate.swift in Sources */,
				4E1660042209B707002DEBB4 /* CurrentWeather.swift in Sources */,
				4E16600B2209E827002DEBB4 /* NSDate.swift in Sources */,
				4EA69A3D22097FCE004F1AF3 /* Constants.swift in Sources */,
			);
			runOnlyForDeploymentPostprocessing = 0;
		};
/* End PBXSourcesBuildPhase section */

/* Begin XCBuildConfiguration section */
		4EB5B8F5220882690029104F /* Debug */ = {
			isa = XCBuildConfiguration;
			buildSettings = {
				ALWAYS_SEARCH_USER_PATHS = NO;
				CLANG_ANALYZER_NONNULL = YES;
				CLANG_ANALYZER_NUMBER_OBJECT_CONVERSION = YES_AGGRESSIVE;
				CLANG_CXX_LANGUAGE_STANDARD = "gnu++14";
				CLANG_CXX_LIBRARY = "libc++";
				CLANG_ENABLE_MODULES = YES;
				CLANG_ENABLE_OBJC_ARC = YES;
				CLANG_ENABLE_OBJC_WEAK = YES;
				CLANG_WARN_BLOCK_CAPTURE_AUTORELEASING = YES;
				CLANG_WARN_BOOL_CONVERSION = YES;
				CLANG_WARN_COMMA = YES;
				CLANG_WARN_CONSTANT_CONVERSION = YES;
				CLANG_WARN_DEPRECATED_OBJC_IMPLEMENTATIONS = YES;
				CLANG_WARN_DIRECT_OBJC_ISA_USAGE = YES_ERROR;
				CLANG_WARN_DOCUMENTATION_COMMENTS = YES;
				CLANG_WARN_EMPTY_BODY = YES;
				CLANG_WARN_ENUM_CONVERSION = YES;
				CLANG_WARN_INFINITE_RECURSION = YES;
				CLANG_WARN_INT_CONVERSION = YES;
				CLANG_WARN_NON_LITERAL_NULL_CONVERSION = YES;
				CLANG_WARN_OBJC_IMPLICIT_RETAIN_SELF = YES;
				CLANG_WARN_OBJC_LITERAL_CONVERSION = YES;
				CLANG_WARN_OBJC_ROOT_CLASS = YES_ERROR;
				CLANG_WARN_RANGE_LOOP_ANALYSIS = YES;
				CLANG_WARN_STRICT_PROTOTYPES = YES;
				CLANG_WARN_SUSPICIOUS_MOVE = YES;
				CLANG_WARN_UNGUARDED_AVAILABILITY = YES_AGGRESSIVE;
				CLANG_WARN_UNREACHABLE_CODE = YES;
				CLANG_WARN__DUPLICATE_METHOD_MATCH = YES;
				CODE_SIGN_IDENTITY = "-";
				COPY_PHASE_STRIP = NO;
				DEBUG_INFORMATION_FORMAT = dwarf;
				ENABLE_STRICT_OBJC_MSGSEND = YES;
				ENABLE_TESTABILITY = YES;
				GCC_C_LANGUAGE_STANDARD = gnu11;
				GCC_DYNAMIC_NO_PIC = NO;
				GCC_NO_COMMON_BLOCKS = YES;
				GCC_OPTIMIZATION_LEVEL = 0;
				GCC_PREPROCESSOR_DEFINITIONS = (
					"DEBUG=1",
					"$(inherited)",
				);
				GCC_WARN_64_TO_32_BIT_CONVERSION = YES;
				GCC_WARN_ABOUT_RETURN_TYPE = YES_ERROR;
				GCC_WARN_UNDECLARED_SELECTOR = YES;
				GCC_WARN_UNINITIALIZED_AUTOS = YES_AGGRESSIVE;
				GCC_WARN_UNUSED_FUNCTION = YES;
				GCC_WARN_UNUSED_VARIABLE = YES;
				MACOSX_DEPLOYMENT_TARGET = 10.14;
				MTL_ENABLE_DEBUG_INFO = INCLUDE_SOURCE;
				MTL_FAST_MATH = YES;
				ONLY_ACTIVE_ARCH = YES;
				SDKROOT = macosx;
				SWIFT_ACTIVE_COMPILATION_CONDITIONS = DEBUG;
				SWIFT_OPTIMIZATION_LEVEL = "-Onone";
			};
			name = Debug;
		};
		4EB5B8F6220882690029104F /* Release */ = {
			isa = XCBuildConfiguration;
			buildSettings = {
				ALWAYS_SEARCH_USER_PATHS = NO;
				CLANG_ANALYZER_NONNULL = YES;
				CLANG_ANALYZER_NUMBER_OBJECT_CONVERSION = YES_AGGRESSIVE;
				CLANG_CXX_LANGUAGE_STANDARD = "gnu++14";
				CLANG_CXX_LIBRARY = "libc++";
				CLANG_ENABLE_MODULES = YES;
				CLANG_ENABLE_OBJC_ARC = YES;
				CLANG_ENABLE_OBJC_WEAK = YES;
				CLANG_WARN_BLOCK_CAPTURE_AUTORELEASING = YES;
				CLANG_WARN_BOOL_CONVERSION = YES;
				CLANG_WARN_COMMA = YES;
				CLANG_WARN_CONSTANT_CONVERSION = YES;
				CLANG_WARN_DEPRECATED_OBJC_IMPLEMENTATIONS = YES;
				CLANG_WARN_DIRECT_OBJC_ISA_USAGE = YES_ERROR;
				CLANG_WARN_DOCUMENTATION_COMMENTS = YES;
				CLANG_WARN_EMPTY_BODY = YES;
				CLANG_WARN_ENUM_CONVERSION = YES;
				CLANG_WARN_INFINITE_RECURSION = YES;
				CLANG_WARN_INT_CONVERSION = YES;
				CLANG_WARN_NON_LITERAL_NULL_CONVERSION = YES;
				CLANG_WARN_OBJC_IMPLICIT_RETAIN_SELF = YES;
				CLANG_WARN_OBJC_LITERAL_CONVERSION = YES;
				CLANG_WARN_OBJC_ROOT_CLASS = YES_ERROR;
				CLANG_WARN_RANGE_LOOP_ANALYSIS = YES;
				CLANG_WARN_STRICT_PROTOTYPES = YES;
				CLANG_WARN_SUSPICIOUS_MOVE = YES;
				CLANG_WARN_UNGUARDED_AVAILABILITY = YES_AGGRESSIVE;
				CLANG_WARN_UNREACHABLE_CODE = YES;
				CLANG_WARN__DUPLICATE_METHOD_MATCH = YES;
				CODE_SIGN_IDENTITY = "-";
				COPY_PHASE_STRIP = NO;
				DEBUG_INFORMATION_FORMAT = "dwarf-with-dsym";
				ENABLE_NS_ASSERTIONS = NO;
				ENABLE_STRICT_OBJC_MSGSEND = YES;
				GCC_C_LANGUAGE_STANDARD = gnu11;
				GCC_NO_COMMON_BLOCKS = YES;
				GCC_WARN_64_TO_32_BIT_CONVERSION = YES;
				GCC_WARN_ABOUT_RETURN_TYPE = YES_ERROR;
				GCC_WARN_UNDECLARED_SELECTOR = YES;
				GCC_WARN_UNINITIALIZED_AUTOS = YES_AGGRESSIVE;
				GCC_WARN_UNUSED_FUNCTION = YES;
				GCC_WARN_UNUSED_VARIABLE = YES;
				MACOSX_DEPLOYMENT_TARGET = 10.14;
				MTL_ENABLE_DEBUG_INFO = NO;
				MTL_FAST_MATH = YES;
				SDKROOT = macosx;
				SWIFT_COMPILATION_MODE = wholemodule;
				SWIFT_OPTIMIZATION_LEVEL = "-O";
			};
			name = Release;
		};
		4EB5B8F8220882690029104F /* Debug */ = {
			isa = XCBuildConfiguration;
			buildSettings = {
				ASSETCATALOG_COMPILER_APPICON_NAME = AppIcon;
				CODE_SIGN_STYLE = Automatic;
				COMBINE_HIDPI_IMAGES = YES;
				FRAMEWORK_SEARCH_PATHS = (
					"$(inherited)",
					"$(PROJECT_DIR)/Carthage/Build/Mac",
				);
				INFOPLIST_FILE = "Weather Status/Info.plist";
				LD_RUNPATH_SEARCH_PATHS = (
					"$(inherited)",
					"@executable_path/../Frameworks",
				);
				ONLY_ACTIVE_ARCH = NO;
				PRODUCT_BUNDLE_IDENTIFIER = "com.bolar.Weather-Status";
				PRODUCT_NAME = "$(TARGET_NAME)";
				SWIFT_VERSION = 4.2;
			};
			name = Debug;
		};
		4EB5B8F9220882690029104F /* Release */ = {
			isa = XCBuildConfiguration;
			buildSettings = {
				ASSETCATALOG_COMPILER_APPICON_NAME = AppIcon;
				CODE_SIGN_STYLE = Automatic;
				COMBINE_HIDPI_IMAGES = YES;
				FRAMEWORK_SEARCH_PATHS = (
					"$(inherited)",
					"$(PROJECT_DIR)/Carthage/Build/Mac",
				);
				INFOPLIST_FILE = "Weather Status/Info.plist";
				LD_RUNPATH_SEARCH_PATHS = (
					"$(inherited)",
					"@executable_path/../Frameworks",
				);
				ONLY_ACTIVE_ARCH = NO;
				PRODUCT_BUNDLE_IDENTIFIER = "com.bolar.Weather-Status";
				PRODUCT_NAME = "$(TARGET_NAME)";
				SWIFT_VERSION = 4.2;
			};
			name = Release;
		};
/* End XCBuildConfiguration section */

/* Begin XCConfigurationList section */
		4EB5B8E2220882680029104F /* Build configuration list for PBXProject "Weather Status" */ = {
			isa = XCConfigurationList;
			buildConfigurations = (
				4EB5B8F5220882690029104F /* Debug */,
				4EB5B8F6220882690029104F /* Release */,
			);
			defaultConfigurationIsVisible = 0;
			defaultConfigurationName = Release;
		};
		4EB5B8F7220882690029104F /* Build configuration list for PBXNativeTarget "Weather Status" */ = {
			isa = XCConfigurationList;
			buildConfigurations = (
				4EB5B8F8220882690029104F /* Debug */,
				4EB5B8F9220882690029104F /* Release */,
			);
			defaultConfigurationIsVisible = 0;
			defaultConfigurationName = Release;
		};
/* End XCConfigurationList section */
	};
	rootObject = 4EB5B8DF220882680029104F /* Project object */;
}
